
Microsoft Visual Studio Solution File, Format Version 12.00
# Visual Studio Version 16
VisualStudioVersion = 16.0.29411.108
MinimumVisualStudioVersion = 10.0.40219.1
Project("{FAE04EC0-301F-11D3-BF4B-00C04F79EFBC}") = "ProyectoHci.Android", "ProyectoHci\ProyectoHci.Android\ProyectoHci.Android.csproj", "{4F527101-E0AF-4EF6-88A0-589F0E63FF50}"
EndProject
Project("{FAE04EC0-301F-11D3-BF4B-00C04F79EFBC}") = "ProyectoHci", "ProyectoHci\ProyectoHci\ProyectoHci.csproj", "{2F3F6EBF-CD6F-408A-ADC4-51F96767D6AD}"
EndProject
Global
	GlobalSection(SolutionConfigurationPlatforms) = preSolution
		Debug|Any CPU = Debug|Any CPU
		Release|Any CPU = Release|Any CPU
	EndGlobalSection
	GlobalSection(ProjectConfigurationPlatforms) = postSolution
		{4F527101-E0AF-4EF6-88A0-589F0E63FF50}.Debug|Any CPU.ActiveCfg = Debug|Any CPU
		{4F527101-E0AF-4EF6-88A0-589F0E63FF50}.Debug|Any CPU.Build.0 = Debug|Any CPU
		{4F527101-E0AF-4EF6-88A0-589F0E63FF50}.Debug|Any CPU.Deploy.0 = Debug|Any CPU
		{4F527101-E0AF-4EF6-88A0-589F0E63FF50}.Release|Any CPU.ActiveCfg = Release|Any CPU
		{4F527101-E0AF-4EF6-88A0-589F0E63FF50}.Release|Any CPU.Build.0 = Release|Any CPU
		{4F527101-E0AF-4EF6-88A0-589F0E63FF50}.Release|Any CPU.Deploy.0 = Release|Any CPU
		{2F3F6EBF-CD6F-408A-ADC4-51F96767D6AD}.Debug|Any CPU.ActiveCfg = Debug|Any CPU
		{2F3F6EBF-CD6F-408A-ADC4-51F96767D6AD}.Debug|Any CPU.Build.0 = Debug|Any CPU
		{2F3F6EBF-CD6F-408A-ADC4-51F96767D6AD}.Debug|Any CPU.Deploy.0 = Debug|Any CPU
		{2F3F6EBF-CD6F-408A-ADC4-51F96767D6AD}.Release|Any CPU.ActiveCfg = Release|Any CPU
		{2F3F6EBF-CD6F-408A-ADC4-51F96767D6AD}.Release|Any CPU.Build.0 = Release|Any CPU
		{2F3F6EBF-CD6F-408A-ADC4-51F96767D6AD}.Release|Any CPU.Deploy.0 = Release|Any CPU
	EndGlobalSection
	GlobalSection(SolutionProperties) = preSolution
		HideSolutionNode = FALSE
	EndGlobalSection
	GlobalSection(ExtensibilityGlobals) = postSolution
		SolutionGuid = {782FB557-D6E9-41BA-852B-8BB9D872763A}
	EndGlobalSection
EndGlobal
